{
  "name": "material-color-css",
  "version": "0.1.8",
  "lockfileVersion": 3,
  "requires": true,
  "packages": {
    "": {
      "name": "material-color-css",
      "version": "0.1.8",
      "hasInstallScript": true,
      "license": "MIT",
      "dependencies": {
        "@material/material-color-utilities": "^0.2.7",
        "material-color-css": "^0.1.8"
      },
      "bin": {
        "install-script": "bin/install.cjs"
      }
    },
    "node_modules/@material/material-color-utilities": {
      "version": "0.2.7",
      "resolved": "https://registry.npmjs.org/@material/material-color-utilities/-/material-color-utilities-0.2.7.tgz",
      "integrity": "sha512-0FCeqG6WvK4/Cc06F/xXMd/pv4FeisI0c1tUpBbfhA2n9Y8eZEv4Karjbmf2ZqQCPUWMrGp8A571tCjizxoTiQ=="
    },
    "node_modules/material-color-css": {
      "version": "0.1.8",
      "resolved": "https://registry.npmjs.org/material-color-css/-/material-color-css-0.1.8.tgz",
      "integrity": "sha512-S0qwKFkn+F0AvVnvLDSyitkSF0LMPijSjit07EVELMwCg3YLVHSFLgJOHsDREQK/VZFIhKX1nFBR6JAvFN5+qA==",
      "hasInstallScript": true,
      "dependencies": {
        "@material/material-color-utilities": "^0.2.7"
      },
      "bin": {
        "install-script": "bin/install.cjs"
      }
    }
  }
}
